{
  "version": 4,
  "terraform_version": "1.10.5",
  "serial": 15,
  "lineage": "17190e58-38b2-a093-c133-37d9f6a72f9e",
  "outputs": {},
  "resources": [
    {
      "module": "module.libvirt_vm",
      "mode": "managed",
      "type": "libvirt_cloudinit_disk",
      "name": "cloudinit",
      "provider": "module.libvirt_vm.provider[\"registry.terraform.io/dmacvicar/libvirt\"]",
      "instances": [
        {
          "index_key": 0,
          "schema_version": 0,
          "attributes": {
            "id": "/var/lib/libvirt/mypool/myvm-0-cloudinit.iso;03ab5acd-5a92-4a2a-b8ee-385191958938",
            "meta_data": "",
            "name": "myvm-0-cloudinit.iso",
            "network_config": "",
            "pool": "mypool",
            "user_data": "#cloud-config\nhostname: myvm-0\nusers:\n  - name: ubuntu\n    ssh-authorized-keys:\n      - ssh-rsa AAAAB3NzaC1yc2EAAAADAQABAAACAQD5ieJV3xlcBdR/txWF3By1W2m4QLeyFkebIedE0nrYi7QpYWKNiP5Fwwz1+q1uWmsX0Q6Ajs4IULk3sHiEbp0oNruiUt4mqPl1jJHBwmw96P+7DBx+1ZeIz8l0Kl4E4nG/GsLOho7IAkSxmzfbCZ3EF2IrfEkfqzZ9uwZViK5m2SJNj8OsrPluvewI4Cn32D9VUnJ1DmOj8bCHZjcds3tUAVCvHrvN1Fm5DJLNe3405vs/d2FHVbGBKsMeWBWpT23pZaU0vPD98fX/XisE/+DsExzv7qeUD5rw3OnC4lYSdikhVX6yUJXyCIvrcvZLXh+QXY/Kc4SBsyOVXKlEcwivzwcYvRTAJb/+U4cnPNQTVCPYTwS1eB88TCIPXaUTy0PeiwE+5sSFOojeACt1IdO3I4PGCMaKP0S+lcCU/X55xoVcZPOXsb8i1Rz8DDRjjbknxyzFxUmm+Rj+FP13Qk8u9e2VfoWTtdjKf7j2G6Gt35zN+jfGPAS6W6KfZX8VKxDQmtGLqlnyNQTOUtWtEWI+3Hnx5jnAsTGemMZJQKhhKC3OR6UU1q+9KHSrbpqWBNlWzRqZOzbk1Y9vNN9wKhlxgHszD7Bt91khea2ctk1h84D0KywQi26lihF76gtNXF9OobCpRjB5b0gjTHuNjaOx/OGtjHC0BnAajtJtW2IsZQ== chiloba@nix\n\n    sudo: ALL=(ALL) NOPASSWD:ALL\npackages:\n  - qemu-guest-agent\nruncmd:\n  - systemctl enable qemu-guest-agent\n  - systemctl start qemu-guest-agent\n"
          },
          "sensitive_attributes": [],
          "private": "bnVsbA=="
        },
        {
          "index_key": 1,
          "schema_version": 0,
          "attributes": {
            "id": "/var/lib/libvirt/mypool/myvm-1-cloudinit.iso;084367b9-a166-4163-92e2-8bf1167fe4a0",
            "meta_data": "",
            "name": "myvm-1-cloudinit.iso",
            "network_config": "",
            "pool": "mypool",
            "user_data": "#cloud-config\nhostname: myvm-1\nusers:\n  - name: ubuntu\n    ssh-authorized-keys:\n      - ssh-rsa AAAAB3NzaC1yc2EAAAADAQABAAACAQD5ieJV3xlcBdR/txWF3By1W2m4QLeyFkebIedE0nrYi7QpYWKNiP5Fwwz1+q1uWmsX0Q6Ajs4IULk3sHiEbp0oNruiUt4mqPl1jJHBwmw96P+7DBx+1ZeIz8l0Kl4E4nG/GsLOho7IAkSxmzfbCZ3EF2IrfEkfqzZ9uwZViK5m2SJNj8OsrPluvewI4Cn32D9VUnJ1DmOj8bCHZjcds3tUAVCvHrvN1Fm5DJLNe3405vs/d2FHVbGBKsMeWBWpT23pZaU0vPD98fX/XisE/+DsExzv7qeUD5rw3OnC4lYSdikhVX6yUJXyCIvrcvZLXh+QXY/Kc4SBsyOVXKlEcwivzwcYvRTAJb/+U4cnPNQTVCPYTwS1eB88TCIPXaUTy0PeiwE+5sSFOojeACt1IdO3I4PGCMaKP0S+lcCU/X55xoVcZPOXsb8i1Rz8DDRjjbknxyzFxUmm+Rj+FP13Qk8u9e2VfoWTtdjKf7j2G6Gt35zN+jfGPAS6W6KfZX8VKxDQmtGLqlnyNQTOUtWtEWI+3Hnx5jnAsTGemMZJQKhhKC3OR6UU1q+9KHSrbpqWBNlWzRqZOzbk1Y9vNN9wKhlxgHszD7Bt91khea2ctk1h84D0KywQi26lihF76gtNXF9OobCpRjB5b0gjTHuNjaOx/OGtjHC0BnAajtJtW2IsZQ== chiloba@nix\n\n    sudo: ALL=(ALL) NOPASSWD:ALL\npackages:\n  - qemu-guest-agent\nruncmd:\n  - systemctl enable qemu-guest-agent\n  - systemctl start qemu-guest-agent\n"
          },
          "sensitive_attributes": [],
          "private": "bnVsbA=="
        }
      ]
    },
    {
      "module": "module.libvirt_vm",
      "mode": "managed",
      "type": "libvirt_domain",
      "name": "vm_instance",
      "provider": "module.libvirt_vm.provider[\"registry.terraform.io/dmacvicar/libvirt\"]",
      "instances": [
        {
          "index_key": 0,
          "schema_version": 0,
          "attributes": {
            "arch": "x86_64",
            "autostart": false,
            "boot_device": [],
            "cloudinit": "/var/lib/libvirt/mypool/myvm-0-cloudinit.iso;03ab5acd-5a92-4a2a-b8ee-385191958938",
            "cmdline": null,
            "console": [],
            "coreos_ignition": null,
            "cpu": [
              {
                "mode": "custom"
              }
            ],
            "description": "",
            "disk": [
              {
                "block_device": "",
                "file": "",
                "scsi": false,
                "url": "",
                "volume_id": "/var/lib/libvirt/mypool/myvm-0.qcow2",
                "wwn": ""
              }
            ],
            "emulator": "/usr/bin/qemu-system-x86_64",
            "filesystem": [],
            "firmware": null,
            "fw_cfg_name": "opt/com.coreos/config",
            "graphics": [],
            "id": "f973d520-d7b7-440e-bbc3-381e724513c5",
            "initrd": "",
            "kernel": "",
            "machine": "ubuntu",
            "memory": 1024,
            "metadata": null,
            "name": "myvm-0",
            "network_interface": [
              {
                "addresses": [],
                "bridge": "",
                "hostname": "",
                "mac": "52:54:00:86:9B:5D",
                "macvtap": "",
                "network_id": "cf3146fd-828d-4458-aa1c-713800abdb20",
                "network_name": "default",
                "passthrough": "",
                "vepa": "",
                "wait_for_lease": false
              },
              {
                "addresses": [],
                "bridge": "",
                "hostname": "",
                "mac": "52:54:00:E2:FB:8B",
                "macvtap": "",
                "network_id": "cf3146fd-828d-4458-aa1c-713800abdb20",
                "network_name": "default",
                "passthrough": "",
                "vepa": "",
                "wait_for_lease": false
              }
            ],
            "nvram": [],
            "qemu_agent": false,
            "running": true,
            "timeouts": null,
            "tpm": [],
            "vcpu": 1,
            "video": [],
            "xml": []
          },
          "sensitive_attributes": [],
          "private": "eyJlMmJmYjczMC1lY2FhLTExZTYtOGY4OC0zNDM2M2JjN2M0YzAiOnsiY3JlYXRlIjozMDAwMDAwMDAwMDB9fQ==",
          "dependencies": [
            "module.libvirt_vm.libvirt_cloudinit_disk.cloudinit",
            "module.libvirt_vm.libvirt_volume.vm_disk"
          ]
        },
        {
          "index_key": 1,
          "schema_version": 0,
          "attributes": {
            "arch": "x86_64",
            "autostart": false,
            "boot_device": [],
            "cloudinit": "/var/lib/libvirt/mypool/myvm-1-cloudinit.iso;084367b9-a166-4163-92e2-8bf1167fe4a0",
            "cmdline": null,
            "console": [],
            "coreos_ignition": null,
            "cpu": [
              {
                "mode": "custom"
              }
            ],
            "description": "",
            "disk": [
              {
                "block_device": "",
                "file": "",
                "scsi": false,
                "url": "",
                "volume_id": "/var/lib/libvirt/mypool/myvm-1.qcow2",
                "wwn": ""
              }
            ],
            "emulator": "/usr/bin/qemu-system-x86_64",
            "filesystem": [],
            "firmware": null,
            "fw_cfg_name": "opt/com.coreos/config",
            "graphics": [],
            "id": "73423f89-d9d2-4a27-a7a6-014bd8c87f76",
            "initrd": "",
            "kernel": "",
            "machine": "ubuntu",
            "memory": 1024,
            "metadata": null,
            "name": "myvm-1",
            "network_interface": [
              {
                "addresses": [],
                "bridge": "",
                "hostname": "",
                "mac": "52:54:00:DA:6D:6F",
                "macvtap": "",
                "network_id": "cf3146fd-828d-4458-aa1c-713800abdb20",
                "network_name": "default",
                "passthrough": "",
                "vepa": "",
                "wait_for_lease": false
              },
              {
                "addresses": [],
                "bridge": "",
                "hostname": "",
                "mac": "52:54:00:42:AD:F0",
                "macvtap": "",
                "network_id": "cf3146fd-828d-4458-aa1c-713800abdb20",
                "network_name": "default",
                "passthrough": "",
                "vepa": "",
                "wait_for_lease": false
              }
            ],
            "nvram": [],
            "qemu_agent": false,
            "running": true,
            "timeouts": null,
            "tpm": [],
            "vcpu": 1,
            "video": [],
            "xml": []
          },
          "sensitive_attributes": [],
          "private": "eyJlMmJmYjczMC1lY2FhLTExZTYtOGY4OC0zNDM2M2JjN2M0YzAiOnsiY3JlYXRlIjozMDAwMDAwMDAwMDB9fQ==",
          "dependencies": [
            "module.libvirt_vm.libvirt_cloudinit_disk.cloudinit",
            "module.libvirt_vm.libvirt_volume.vm_disk"
          ]
        }
      ]
    },
    {
      "module": "module.libvirt_vm",
      "mode": "managed",
      "type": "libvirt_volume",
      "name": "vm_disk",
      "provider": "module.libvirt_vm.provider[\"registry.terraform.io/dmacvicar/libvirt\"]",
      "instances": [
        {
          "index_key": 0,
          "schema_version": 0,
          "attributes": {
            "base_volume_id": null,
            "base_volume_name": null,
            "base_volume_pool": null,
            "format": "qcow2",
            "id": "/var/lib/libvirt/mypool/myvm-0.qcow2",
            "name": "myvm-0.qcow2",
            "pool": "mypool",
            "size": 21474836480,
            "source": null,
            "xml": []
          },
          "sensitive_attributes": [],
          "private": "bnVsbA=="
        },
        {
          "index_key": 1,
          "schema_version": 0,
          "attributes": {
            "base_volume_id": null,
            "base_volume_name": null,
            "base_volume_pool": null,
            "format": "qcow2",
            "id": "/var/lib/libvirt/mypool/myvm-1.qcow2",
            "name": "myvm-1.qcow2",
            "pool": "mypool",
            "size": 32212254720,
            "source": null,
            "xml": []
          },
          "sensitive_attributes": [],
          "private": "bnVsbA=="
        }
      ]
    }
  ],
  "check_results": null
}
